// !$*UTF8*$!
{
	archiveVersion = 1;
	classes = {
	};
	objectVersion = 51;
	objects = {

/* Begin PBXBuildFile section */
		2716B5B0249186E80092A622 /* PlaceAnnotation.swift in Sources */ = {isa = PBXBuildFile; fileRef = 2716B5AF249186E80092A622 /* PlaceAnnotation.swift */; };
		2723A5552527A42C008150DC /* AuthManager.swift in Sources */ = {isa = PBXBuildFile; fileRef = 2723A5542527A42C008150DC /* AuthManager.swift */; };
		2723A5592527A461008150DC /* Managers.swift in Sources */ = {isa = PBXBuildFile; fileRef = 2723A5582527A461008150DC /* Managers.swift */; };
		2723A55D2527A484008150DC /* DatabaseManager.swift in Sources */ = {isa = PBXBuildFile; fileRef = 2723A55C2527A484008150DC /* DatabaseManager.swift */; };
		2723A5652529368B008150DC /* User.swift in Sources */ = {isa = PBXBuildFile; fileRef = 2723A5642529368B008150DC /* User.swift */; };
		2725763424D0F1EB008916B7 /* Region.swift in Sources */ = {isa = PBXBuildFile; fileRef = 2725763324D0F1EB008916B7 /* Region.swift */; };
		2725763724D1F492008916B7 /* AuthPicker.swift in Sources */ = {isa = PBXBuildFile; fileRef = 2725763624D1F492008916B7 /* AuthPicker.swift */; };
		27407AD424C4004F00AE7AAF /* FloatingMenu.swift in Sources */ = {isa = PBXBuildFile; fileRef = 27407AD324C4004F00AE7AAF /* FloatingMenu.swift */; };
		2743860D2478925D0029F00F /* AppDelegate.swift in Sources */ = {isa = PBXBuildFile; fileRef = 2743860C2478925D0029F00F /* AppDelegate.swift */; };
		2743860F2478925D0029F00F /* SceneDelegate.swift in Sources */ = {isa = PBXBuildFile; fileRef = 2743860E2478925D0029F00F /* SceneDelegate.swift */; };
		274386122478925D0029F00F /* Picnic.xcdatamodeld in Sources */ = {isa = PBXBuildFile; fileRef = 274386102478925D0029F00F /* Picnic.xcdatamodeld */; };
		274386162478925F0029F00F /* Assets.xcassets in Resources */ = {isa = PBXBuildFile; fileRef = 274386152478925F0029F00F /* Assets.xcassets */; };
		274386192478925F0029F00F /* Preview Assets.xcassets in Resources */ = {isa = PBXBuildFile; fileRef = 274386182478925F0029F00F /* Preview Assets.xcassets */; };
		2743861C2478925F0029F00F /* LaunchScreen.storyboard in Resources */ = {isa = PBXBuildFile; fileRef = 2743861A2478925F0029F00F /* LaunchScreen.storyboard */; };
		274B051F24AD308900747D25 /* ImagePicker.swift in Sources */ = {isa = PBXBuildFile; fileRef = 274B051E24AD308900747D25 /* ImagePicker.swift */; };
		274B052124BF928100747D25 /* ImageCell.swift in Sources */ = {isa = PBXBuildFile; fileRef = 274B052024BF928100747D25 /* ImageCell.swift */; };
		274B052624C39ECC00747D25 /* ZoomableImage.swift in Sources */ = {isa = PBXBuildFile; fileRef = 274B052524C39ECC00747D25 /* ZoomableImage.swift */; };
		274B052D24C3FB9100747D25 /* DetailController.swift in Sources */ = {isa = PBXBuildFile; fileRef = 274B052C24C3FB9100747D25 /* DetailController.swift */; };
		2752092324C4EF12002E8761 /* SpinnerWheel.swift in Sources */ = {isa = PBXBuildFile; fileRef = 2752092224C4EF12002E8761 /* SpinnerWheel.swift */; };
		2752092724CF494B002E8761 /* LocationManager.swift in Sources */ = {isa = PBXBuildFile; fileRef = 2752092624CF494B002E8761 /* LocationManager.swift */; };
		2753CD3E252F6F8A00C4BFF5 /* Reviews.swift in Sources */ = {isa = PBXBuildFile; fileRef = 2753CD3D252F6F8A00C4BFF5 /* Reviews.swift */; };
		2756C28B247F2BCA0070D61A /* NewPicnicController.swift in Sources */ = {isa = PBXBuildFile; fileRef = 2756C28A247F2BCA0070D61A /* NewPicnicController.swift */; };
		275AD147248180F100EE3DBA /* LocationSelector.swift in Sources */ = {isa = PBXBuildFile; fileRef = 275AD146248180F100EE3DBA /* LocationSelector.swift */; };
		275AD1492481BCAB00EE3DBA /* LocationPopover.swift in Sources */ = {isa = PBXBuildFile; fileRef = 275AD1482481BCAB00EE3DBA /* LocationPopover.swift */; };
		275AD14B2482CAE300EE3DBA /* LocationLabel.swift in Sources */ = {isa = PBXBuildFile; fileRef = 275AD14A2482CAE300EE3DBA /* LocationLabel.swift */; };
		279A268624D25BA700D71FD1 /* SettingsController.swift in Sources */ = {isa = PBXBuildFile; fileRef = 279A268524D25BA700D71FD1 /* SettingsController.swift */; };
		279A268A24D34AED00D71FD1 /* Colors.swift in Sources */ = {isa = PBXBuildFile; fileRef = 279A268924D34AED00D71FD1 /* Colors.swift */; };
		279A268C24D34BFB00D71FD1 /* SignInButton.swift in Sources */ = {isa = PBXBuildFile; fileRef = 279A268B24D34BFB00D71FD1 /* SignInButton.swift */; };
		279A269024D35C6B00D71FD1 /* ButtonView.swift in Sources */ = {isa = PBXBuildFile; fileRef = 279A268F24D35C6B00D71FD1 /* ButtonView.swift */; };
		279A269624D4ADF000D71FD1 /* HeartButton.swift in Sources */ = {isa = PBXBuildFile; fileRef = 279A269524D4ADF000D71FD1 /* HeartButton.swift */; };
		279A269824D4BE2700D71FD1 /* Profile.swift in Sources */ = {isa = PBXBuildFile; fileRef = 279A269724D4BE2700D71FD1 /* Profile.swift */; };
		279A269D24D6182700D71FD1 /* NavigationBar.swift in Sources */ = {isa = PBXBuildFile; fileRef = 279A269C24D6182700D71FD1 /* NavigationBar.swift */; };
		279A269F24D73E4700D71FD1 /* MultipleSelectionIcon.swift in Sources */ = {isa = PBXBuildFile; fileRef = 279A269E24D73E4700D71FD1 /* MultipleSelectionIcon.swift */; };
		279A26A924DB21F300D71FD1 /* ShortPresentationController.swift in Sources */ = {isa = PBXBuildFile; fileRef = 279A26A824DB21F300D71FD1 /* ShortPresentationController.swift */; };
		279DEB6B24DB3B33003035AC /* SwipeView.swift in Sources */ = {isa = PBXBuildFile; fileRef = 279DEB6A24DB3B33003035AC /* SwipeView.swift */; };
		279DEB7124DCA4C4003035AC /* PaddedTextField.swift in Sources */ = {isa = PBXBuildFile; fileRef = 279DEB7024DCA4C4003035AC /* PaddedTextField.swift */; };
		279DEB7624E09405003035AC /* SearchController.swift in Sources */ = {isa = PBXBuildFile; fileRef = 279DEB7524E09405003035AC /* SearchController.swift */; };
		279F160825007C4F00BA6B0F /* PaddedTextView.swift in Sources */ = {isa = PBXBuildFile; fileRef = 279F160725007C4F00BA6B0F /* PaddedTextView.swift */; };
		27AF147E2544924F002A975D /* MapViewController.swift in Sources */ = {isa = PBXBuildFile; fileRef = 27AF147D2544924F002A975D /* MapViewController.swift */; };
		27B072E6247C4724009974BD /* GoogleService-Info.plist in Resources */ = {isa = PBXBuildFile; fileRef = 27B072E5247C4724009974BD /* GoogleService-Info.plist */; };
		27B072E8247CC66B009974BD /* Featured.swift in Sources */ = {isa = PBXBuildFile; fileRef = 27B072E7247CC66B009974BD /* Featured.swift */; };
		27B072EA247CC7BB009974BD /* CustomFlowLayout.swift in Sources */ = {isa = PBXBuildFile; fileRef = 27B072E9247CC7BB009974BD /* CustomFlowLayout.swift */; };
		27B072EF247CCC94009974BD /* TabController.swift in Sources */ = {isa = PBXBuildFile; fileRef = 27B072EE247CCC94009974BD /* TabController.swift */; };
		27BFC412248317C300A3C968 /* Extensions.swift in Sources */ = {isa = PBXBuildFile; fileRef = 27BFC411248317C300A3C968 /* Extensions.swift */; };
		27BFC414248318E200A3C968 /* MapIcon.swift in Sources */ = {isa = PBXBuildFile; fileRef = 27BFC413248318E200A3C968 /* MapIcon.swift */; };
		27BFC4182486D12700A3C968 /* loading.jpg in Resources */ = {isa = PBXBuildFile; fileRef = 27BFC4172486D12700A3C968 /* loading.jpg */; };
		27DC3AA82538E43A00F628B9 /* ImagePickerStage.swift in Sources */ = {isa = PBXBuildFile; fileRef = 27DC3AA72538E43A00F628B9 /* ImagePickerStage.swift */; };
		27DC3AAB2538E5A900F628B9 /* ContentStage.swift in Sources */ = {isa = PBXBuildFile; fileRef = 27DC3AAA2538E5A900F628B9 /* ContentStage.swift */; };
		27DC3AAE2538E6F800F628B9 /* RatingStage.swift in Sources */ = {isa = PBXBuildFile; fileRef = 27DC3AAD2538E6F800F628B9 /* RatingStage.swift */; };
		27DC3AB12538E80200F628B9 /* ReviewCreationController.swift in Sources */ = {isa = PBXBuildFile; fileRef = 27DC3AB02538E80200F628B9 /* ReviewCreationController.swift */; };
		27DC3AB5253928B200F628B9 /* Rating.swift in Sources */ = {isa = PBXBuildFile; fileRef = 27DC3AB4253928B200F628B9 /* Rating.swift */; };
		27DC3AB8253B3A7300F628B9 /* NewPicnicModal.swift in Sources */ = {isa = PBXBuildFile; fileRef = 27DC3AB7253B3A7300F628B9 /* NewPicnicModal.swift */; };
		27DC3ABD253B3C8E00F628B9 /* PicnicNameStage.swift in Sources */ = {isa = PBXBuildFile; fileRef = 27DC3ABC253B3C8E00F628B9 /* PicnicNameStage.swift */; };
		27DC3AC8253B5EAC00F628B9 /* DetailView.swift in Sources */ = {isa = PBXBuildFile; fileRef = 27DC3AC7253B5EAC00F628B9 /* DetailView.swift */; };
		27DC3ACF253CE0A600F628B9 /* StarImage.swift in Sources */ = {isa = PBXBuildFile; fileRef = 27DC3ACE253CE0A600F628B9 /* StarImage.swift */; };
		27DC3AD2253D0A8D00F628B9 /* TagContainer.swift in Sources */ = {isa = PBXBuildFile; fileRef = 27DC3AD1253D0A8D00F628B9 /* TagContainer.swift */; };
		27DC3ADA253F3DEE00F628B9 /* PicnicQuery.swift in Sources */ = {isa = PBXBuildFile; fileRef = 27DC3AD9253F3DEE00F628B9 /* PicnicQuery.swift */; };
		27DC3ADD253F7CE700F628B9 /* PicnicTagStage.swift in Sources */ = {isa = PBXBuildFile; fileRef = 27DC3ADC253F7CE700F628B9 /* PicnicTagStage.swift */; };
		27DC3AE1253FA5BB00F628B9 /* TagView.swift in Sources */ = {isa = PBXBuildFile; fileRef = 27DC3AE0253FA5BB00F628B9 /* TagView.swift */; };
		27DC3AE4254096C600F628B9 /* ProfileView.swift in Sources */ = {isa = PBXBuildFile; fileRef = 27DC3AE3254096C600F628B9 /* ProfileView.swift */; };
		27DDBA3525040BE20061B4BC /* Cluster.swift in Sources */ = {isa = PBXBuildFile; fileRef = 27DDBA3425040BE20061B4BC /* Cluster.swift */; };
		27EAB154252F764D006903ED /* Review.swift in Sources */ = {isa = PBXBuildFile; fileRef = 27EAB153252F764D006903ED /* Review.swift */; };
		27EB2DC32478CA4E0093362C /* FeaturedCell.swift in Sources */ = {isa = PBXBuildFile; fileRef = 27EB2DC22478CA4E0093362C /* FeaturedCell.swift */; };
		27EB2DC62478CC1D0093362C /* Picnic.swift in Sources */ = {isa = PBXBuildFile; fileRef = 27EB2DC52478CC1D0093362C /* Picnic.swift */; };
		27EB2DD52478CE730093362C /* LoadData.swift in Sources */ = {isa = PBXBuildFile; fileRef = 27EB2DD42478CE730093362C /* LoadData.swift */; };
		27EB2DE52478D67A0093362C /* landmarkData.json in Resources */ = {isa = PBXBuildFile; fileRef = 27EB2DE02478CF460093362C /* landmarkData.json */; };
		27EB2DE62478D67A0093362C /* charleyrivers.jpg in Resources */ = {isa = PBXBuildFile; fileRef = 27EB2DD72478CF460093362C /* charleyrivers.jpg */; };
		27EB2DE72478D67A0093362C /* turtlerock.jpg in Resources */ = {isa = PBXBuildFile; fileRef = 27EB2DD82478CF460093362C /* turtlerock.jpg */; };
		27EB2DE82478D67A0093362C /* silversalmoncreek.jpg in Resources */ = {isa = PBXBuildFile; fileRef = 27EB2DD92478CF460093362C /* silversalmoncreek.jpg */; };
		27EB2DE92478D67A0093362C /* sleepyHollow.jpg in Resources */ = {isa = PBXBuildFile; fileRef = 27EB2DDA2478CF460093362C /* sleepyHollow.jpg */; };
		27EB2DEA2478D67A0093362C /* icybay.jpg in Resources */ = {isa = PBXBuildFile; fileRef = 27EB2DDB2478CF460093362C /* icybay.jpg */; };
		27EB2DEB2478D67B0093362C /* lakemcdonald.jpg in Resources */ = {isa = PBXBuildFile; fileRef = 27EB2DDC2478CF460093362C /* lakemcdonald.jpg */; };
		27EB2DEC2478D67B0093362C /* hiddenlake.jpg in Resources */ = {isa = PBXBuildFile; fileRef = 27EB2DDD2478CF460093362C /* hiddenlake.jpg */; };
		27EB2DED2478D67B0093362C /* twinlake.jpg in Resources */ = {isa = PBXBuildFile; fileRef = 27EB2DDE2478CF460093362C /* twinlake.jpg */; };
		27EB2DEE2478D67B0093362C /* umbagog.jpg in Resources */ = {isa = PBXBuildFile; fileRef = 27EB2DDF2478CF460093362C /* umbagog.jpg */; };
		27EB2DEF2478D67B0093362C /* chincoteague.jpg in Resources */ = {isa = PBXBuildFile; fileRef = 27EB2DE12478CF460093362C /* chincoteague.jpg */; };
		27EB2DF02478D67B0093362C /* stmarylake.jpg in Resources */ = {isa = PBXBuildFile; fileRef = 27EB2DE22478CF460093362C /* stmarylake.jpg */; };
		27EB2DF12478D67B0093362C /* chilkoottrail.jpg in Resources */ = {isa = PBXBuildFile; fileRef = 27EB2DE32478CF460093362C /* chilkoottrail.jpg */; };
		27EB2DF22478D67B0093362C /* rainbowlake.jpg in Resources */ = {isa = PBXBuildFile; fileRef = 27EB2DE42478CF460093362C /* rainbowlake.jpg */; };
		27EDAED82531FA3400059EE8 /* PicnicMap.swift in Sources */ = {isa = PBXBuildFile; fileRef = 27EDAED72531FA3400059EE8 /* PicnicMap.swift */; };
		27EDAEDB253238AE00059EE8 /* FilterController.swift in Sources */ = {isa = PBXBuildFile; fileRef = 27EDAEDA253238AE00059EE8 /* FilterController.swift */; };
		27EDAEDE2532390800059EE8 /* PicnicTag.swift in Sources */ = {isa = PBXBuildFile; fileRef = 27EDAEDD2532390800059EE8 /* PicnicTag.swift */; };
		27EDAEE32533D3EA00059EE8 /* ReviewCell.swift in Sources */ = {isa = PBXBuildFile; fileRef = 27EDAEE22533D3EA00059EE8 /* ReviewCell.swift */; };
		27EDAEE62534E65400059EE8 /* StagedModalController.swift in Sources */ = {isa = PBXBuildFile; fileRef = 27EDAEE52534E65400059EE8 /* StagedModalController.swift */; };
		27EDAEEA25365FDF00059EE8 /* PaginatedQuery.swift in Sources */ = {isa = PBXBuildFile; fileRef = 27EDAEE925365FDF00059EE8 /* PaginatedQuery.swift */; };
		D8AC8EDBC77112F7C59EDAE7 /* Pods_Picnic.framework in Frameworks */ = {isa = PBXBuildFile; fileRef = EAB3BBD2EC00EE4968820CCE /* Pods_Picnic.framework */; };
/* End PBXBuildFile section */

/* Begin PBXFileReference section */
		2716B5AF249186E80092A622 /* PlaceAnnotation.swift */ = {isa = PBXFileReference; lastKnownFileType = sourcecode.swift; path = PlaceAnnotation.swift; sourceTree = "<group>"; };
		2723A5542527A42C008150DC /* AuthManager.swift */ = {isa = PBXFileReference; lastKnownFileType = sourcecode.swift; path = AuthManager.swift; sourceTree = "<group>"; };
		2723A5582527A461008150DC /* Managers.swift */ = {isa = PBXFileReference; lastKnownFileType = sourcecode.swift; path = Managers.swift; sourceTree = "<group>"; };
		2723A55C2527A484008150DC /* DatabaseManager.swift */ = {isa = PBXFileReference; lastKnownFileType = sourcecode.swift; path = DatabaseManager.swift; sourceTree = "<group>"; };
		2723A5642529368B008150DC /* User.swift */ = {isa = PBXFileReference; lastKnownFileType = sourcecode.swift; path = User.swift; sourceTree = "<group>"; };
		2725763324D0F1EB008916B7 /* Region.swift */ = {isa = PBXFileReference; lastKnownFileType = sourcecode.swift; path = Region.swift; sourceTree = "<group>"; };
		2725763624D1F492008916B7 /* AuthPicker.swift */ = {isa = PBXFileReference; lastKnownFileType = sourcecode.swift; path = AuthPicker.swift; sourceTree = "<group>"; };
		27407AD324C4004F00AE7AAF /* FloatingMenu.swift */ = {isa = PBXFileReference; lastKnownFileType = sourcecode.swift; path = FloatingMenu.swift; sourceTree = "<group>"; };
		274386092478925D0029F00F /* Picnic.app */ = {isa = PBXFileReference; explicitFileType = wrapper.application; includeInIndex = 0; path = Picnic.app; sourceTree = BUILT_PRODUCTS_DIR; };
		2743860C2478925D0029F00F /* AppDelegate.swift */ = {isa = PBXFileReference; lastKnownFileType = sourcecode.swift; path = AppDelegate.swift; sourceTree = "<group>"; };
		2743860E2478925D0029F00F /* SceneDelegate.swift */ = {isa = PBXFileReference; lastKnownFileType = sourcecode.swift; path = SceneDelegate.swift; sourceTree = "<group>"; };
		274386112478925D0029F00F /* Picnic.xcdatamodel */ = {isa = PBXFileReference; lastKnownFileType = wrapper.xcdatamodel; path = Picnic.xcdatamodel; sourceTree = "<group>"; };
		274386152478925F0029F00F /* Assets.xcassets */ = {isa = PBXFileReference; lastKnownFileType = folder.assetcatalog; path = Assets.xcassets; sourceTree = "<group>"; };
		274386182478925F0029F00F /* Preview Assets.xcassets */ = {isa = PBXFileReference; lastKnownFileType = folder.assetcatalog; path = "Preview Assets.xcassets"; sourceTree = "<group>"; };
		2743861B2478925F0029F00F /* Base */ = {isa = PBXFileReference; lastKnownFileType = file.storyboard; name = Base; path = Base.lproj/LaunchScreen.storyboard; sourceTree = "<group>"; };
		2743861D2478925F0029F00F /* Info.plist */ = {isa = PBXFileReference; lastKnownFileType = text.plist.xml; path = Info.plist; sourceTree = "<group>"; };
		274B051E24AD308900747D25 /* ImagePicker.swift */ = {isa = PBXFileReference; lastKnownFileType = sourcecode.swift; path = ImagePicker.swift; sourceTree = "<group>"; };
		274B052024BF928100747D25 /* ImageCell.swift */ = {isa = PBXFileReference; lastKnownFileType = sourcecode.swift; path = ImageCell.swift; sourceTree = "<group>"; };
		274B052524C39ECC00747D25 /* ZoomableImage.swift */ = {isa = PBXFileReference; lastKnownFileType = sourcecode.swift; path = ZoomableImage.swift; sourceTree = "<group>"; };
		274B052C24C3FB9100747D25 /* DetailController.swift */ = {isa = PBXFileReference; lastKnownFileType = sourcecode.swift; path = DetailController.swift; sourceTree = "<group>"; };
		2752092224C4EF12002E8761 /* SpinnerWheel.swift */ = {isa = PBXFileReference; lastKnownFileType = sourcecode.swift; path = SpinnerWheel.swift; sourceTree = "<group>"; };
		2752092624CF494B002E8761 /* LocationManager.swift */ = {isa = PBXFileReference; lastKnownFileType = sourcecode.swift; path = LocationManager.swift; sourceTree = "<group>"; };
		2753CD3D252F6F8A00C4BFF5 /* Reviews.swift */ = {isa = PBXFileReference; lastKnownFileType = sourcecode.swift; path = Reviews.swift; sourceTree = "<group>"; };
		2756C28A247F2BCA0070D61A /* NewPicnicController.swift */ = {isa = PBXFileReference; lastKnownFileType = sourcecode.swift; path = NewPicnicController.swift; sourceTree = "<group>"; };
		275AD146248180F100EE3DBA /* LocationSelector.swift */ = {isa = PBXFileReference; lastKnownFileType = sourcecode.swift; path = LocationSelector.swift; sourceTree = "<group>"; };
		275AD1482481BCAB00EE3DBA /* LocationPopover.swift */ = {isa = PBXFileReference; lastKnownFileType = sourcecode.swift; path = LocationPopover.swift; sourceTree = "<group>"; };
		275AD14A2482CAE300EE3DBA /* LocationLabel.swift */ = {isa = PBXFileReference; lastKnownFileType = sourcecode.swift; path = LocationLabel.swift; sourceTree = "<group>"; };
		279A268524D25BA700D71FD1 /* SettingsController.swift */ = {isa = PBXFileReference; lastKnownFileType = sourcecode.swift; path = SettingsController.swift; sourceTree = "<group>"; };
		279A268924D34AED00D71FD1 /* Colors.swift */ = {isa = PBXFileReference; lastKnownFileType = sourcecode.swift; path = Colors.swift; sourceTree = "<group>"; };
		279A268B24D34BFB00D71FD1 /* SignInButton.swift */ = {isa = PBXFileReference; lastKnownFileType = sourcecode.swift; path = SignInButton.swift; sourceTree = "<group>"; };
		279A268F24D35C6B00D71FD1 /* ButtonView.swift */ = {isa = PBXFileReference; lastKnownFileType = sourcecode.swift; path = ButtonView.swift; sourceTree = "<group>"; };
		279A269524D4ADF000D71FD1 /* HeartButton.swift */ = {isa = PBXFileReference; lastKnownFileType = sourcecode.swift; path = HeartButton.swift; sourceTree = "<group>"; };
		279A269724D4BE2700D71FD1 /* Profile.swift */ = {isa = PBXFileReference; lastKnownFileType = sourcecode.swift; path = Profile.swift; sourceTree = "<group>"; };
		279A269C24D6182700D71FD1 /* NavigationBar.swift */ = {isa = PBXFileReference; lastKnownFileType = sourcecode.swift; path = NavigationBar.swift; sourceTree = "<group>"; };
		279A269E24D73E4700D71FD1 /* MultipleSelectionIcon.swift */ = {isa = PBXFileReference; lastKnownFileType = sourcecode.swift; path = MultipleSelectionIcon.swift; sourceTree = "<group>"; };
		279A26A824DB21F300D71FD1 /* ShortPresentationController.swift */ = {isa = PBXFileReference; lastKnownFileType = sourcecode.swift; path = ShortPresentationController.swift; sourceTree = "<group>"; };
		279DEB6A24DB3B33003035AC /* SwipeView.swift */ = {isa = PBXFileReference; lastKnownFileType = sourcecode.swift; path = SwipeView.swift; sourceTree = "<group>"; };
		279DEB7024DCA4C4003035AC /* PaddedTextField.swift */ = {isa = PBXFileReference; lastKnownFileType = sourcecode.swift; path = PaddedTextField.swift; sourceTree = "<group>"; };
		279DEB7524E09405003035AC /* SearchController.swift */ = {isa = PBXFileReference; lastKnownFileType = sourcecode.swift; path = SearchController.swift; sourceTree = "<group>"; };
		279F160725007C4F00BA6B0F /* PaddedTextView.swift */ = {isa = PBXFileReference; lastKnownFileType = sourcecode.swift; path = PaddedTextView.swift; sourceTree = "<group>"; };
		27AF147D2544924F002A975D /* MapViewController.swift */ = {isa = PBXFileReference; lastKnownFileType = sourcecode.swift; path = MapViewController.swift; sourceTree = "<group>"; };
		27B072E5247C4724009974BD /* GoogleService-Info.plist */ = {isa = PBXFileReference; fileEncoding = 4; lastKnownFileType = text.plist.xml; path = "GoogleService-Info.plist"; sourceTree = "<group>"; };
		27B072E7247CC66B009974BD /* Featured.swift */ = {isa = PBXFileReference; lastKnownFileType = sourcecode.swift; path = Featured.swift; sourceTree = "<group>"; };
		27B072E9247CC7BB009974BD /* CustomFlowLayout.swift */ = {isa = PBXFileReference; lastKnownFileType = sourcecode.swift; path = CustomFlowLayout.swift; sourceTree = "<group>"; };
		27B072EE247CCC94009974BD /* TabController.swift */ = {isa = PBXFileReference; lastKnownFileType = sourcecode.swift; path = TabController.swift; sourceTree = "<group>"; };
		27BFC411248317C300A3C968 /* Extensions.swift */ = {isa = PBXFileReference; lastKnownFileType = sourcecode.swift; path = Extensions.swift; sourceTree = "<group>"; };
		27BFC413248318E200A3C968 /* MapIcon.swift */ = {isa = PBXFileReference; lastKnownFileType = sourcecode.swift; path = MapIcon.swift; sourceTree = "<group>"; };
		27BFC4172486D12700A3C968 /* loading.jpg */ = {isa = PBXFileReference; lastKnownFileType = image.jpeg; path = loading.jpg; sourceTree = "<group>"; };
		27DC3AA72538E43A00F628B9 /* ImagePickerStage.swift */ = {isa = PBXFileReference; lastKnownFileType = sourcecode.swift; path = ImagePickerStage.swift; sourceTree = "<group>"; };
		27DC3AAA2538E5A900F628B9 /* ContentStage.swift */ = {isa = PBXFileReference; lastKnownFileType = sourcecode.swift; path = ContentStage.swift; sourceTree = "<group>"; };
		27DC3AAD2538E6F800F628B9 /* RatingStage.swift */ = {isa = PBXFileReference; lastKnownFileType = sourcecode.swift; path = RatingStage.swift; sourceTree = "<group>"; };
		27DC3AB02538E80200F628B9 /* ReviewCreationController.swift */ = {isa = PBXFileReference; lastKnownFileType = sourcecode.swift; path = ReviewCreationController.swift; sourceTree = "<group>"; };
		27DC3AB4253928B200F628B9 /* Rating.swift */ = {isa = PBXFileReference; lastKnownFileType = sourcecode.swift; path = Rating.swift; sourceTree = "<group>"; };
		27DC3AB7253B3A7300F628B9 /* NewPicnicModal.swift */ = {isa = PBXFileReference; lastKnownFileType = sourcecode.swift; path = NewPicnicModal.swift; sourceTree = "<group>"; };
		27DC3ABC253B3C8E00F628B9 /* PicnicNameStage.swift */ = {isa = PBXFileReference; lastKnownFileType = sourcecode.swift; path = PicnicNameStage.swift; sourceTree = "<group>"; };
		27DC3AC7253B5EAC00F628B9 /* DetailView.swift */ = {isa = PBXFileReference; lastKnownFileType = sourcecode.swift; path = DetailView.swift; sourceTree = "<group>"; };
		27DC3ACE253CE0A600F628B9 /* StarImage.swift */ = {isa = PBXFileReference; lastKnownFileType = sourcecode.swift; path = StarImage.swift; sourceTree = "<group>"; };
		27DC3AD1253D0A8D00F628B9 /* TagContainer.swift */ = {isa = PBXFileReference; lastKnownFileType = sourcecode.swift; path = TagContainer.swift; sourceTree = "<group>"; };
		27DC3AD9253F3DEE00F628B9 /* PicnicQuery.swift */ = {isa = PBXFileReference; lastKnownFileType = sourcecode.swift; path = PicnicQuery.swift; sourceTree = "<group>"; };
		27DC3ADC253F7CE700F628B9 /* PicnicTagStage.swift */ = {isa = PBXFileReference; lastKnownFileType = sourcecode.swift; path = PicnicTagStage.swift; sourceTree = "<group>"; };
		27DC3AE0253FA5BB00F628B9 /* TagView.swift */ = {isa = PBXFileReference; lastKnownFileType = sourcecode.swift; path = TagView.swift; sourceTree = "<group>"; };
		27DC3AE3254096C600F628B9 /* ProfileView.swift */ = {isa = PBXFileReference; lastKnownFileType = sourcecode.swift; path = ProfileView.swift; sourceTree = "<group>"; };
		27DDBA3425040BE20061B4BC /* Cluster.swift */ = {isa = PBXFileReference; lastKnownFileType = sourcecode.swift; path = Cluster.swift; sourceTree = "<group>"; };
		27EAB153252F764D006903ED /* Review.swift */ = {isa = PBXFileReference; lastKnownFileType = sourcecode.swift; path = Review.swift; sourceTree = "<group>"; };
		27EB2DC22478CA4E0093362C /* FeaturedCell.swift */ = {isa = PBXFileReference; lastKnownFileType = sourcecode.swift; path = FeaturedCell.swift; sourceTree = "<group>"; };
		27EB2DC52478CC1D0093362C /* Picnic.swift */ = {isa = PBXFileReference; lastKnownFileType = sourcecode.swift; path = Picnic.swift; sourceTree = "<group>"; };
		27EB2DD42478CE730093362C /* LoadData.swift */ = {isa = PBXFileReference; lastKnownFileType = sourcecode.swift; path = LoadData.swift; sourceTree = "<group>"; };
		27EB2DD72478CF460093362C /* charleyrivers.jpg */ = {isa = PBXFileReference; lastKnownFileType = image.jpeg; path = charleyrivers.jpg; sourceTree = "<group>"; };
		27EB2DD82478CF460093362C /* turtlerock.jpg */ = {isa = PBXFileReference; lastKnownFileType = image.jpeg; path = turtlerock.jpg; sourceTree = "<group>"; };
		27EB2DD92478CF460093362C /* silversalmoncreek.jpg */ = {isa = PBXFileReference; lastKnownFileType = image.jpeg; path = silversalmoncreek.jpg; sourceTree = "<group>"; };
		27EB2DDA2478CF460093362C /* sleepyHollow.jpg */ = {isa = PBXFileReference; lastKnownFileType = image.jpeg; path = sleepyHollow.jpg; sourceTree = "<group>"; };
		27EB2DDB2478CF460093362C /* icybay.jpg */ = {isa = PBXFileReference; lastKnownFileType = image.jpeg; path = icybay.jpg; sourceTree = "<group>"; };
		27EB2DDC2478CF460093362C /* lakemcdonald.jpg */ = {isa = PBXFileReference; lastKnownFileType = image.jpeg; path = lakemcdonald.jpg; sourceTree = "<group>"; };
		27EB2DDD2478CF460093362C /* hiddenlake.jpg */ = {isa = PBXFileReference; lastKnownFileType = image.jpeg; path = hiddenlake.jpg; sourceTree = "<group>"; };
		27EB2DDE2478CF460093362C /* twinlake.jpg */ = {isa = PBXFileReference; lastKnownFileType = image.jpeg; path = twinlake.jpg; sourceTree = "<group>"; };
		27EB2DDF2478CF460093362C /* umbagog.jpg */ = {isa = PBXFileReference; lastKnownFileType = image.jpeg; path = umbagog.jpg; sourceTree = "<group>"; };
		27EB2DE02478CF460093362C /* landmarkData.json */ = {isa = PBXFileReference; lastKnownFileType = text.json; path = landmarkData.json; sourceTree = "<group>"; };
		27EB2DE12478CF460093362C /* chincoteague.jpg */ = {isa = PBXFileReference; lastKnownFileType = image.jpeg; path = chincoteague.jpg; sourceTree = "<group>"; };
		27EB2DE22478CF460093362C /* stmarylake.jpg */ = {isa = PBXFileReference; lastKnownFileType = image.jpeg; path = stmarylake.jpg; sourceTree = "<group>"; };
		27EB2DE32478CF460093362C /* chilkoottrail.jpg */ = {isa = PBXFileReference; lastKnownFileType = image.jpeg; path = chilkoottrail.jpg; sourceTree = "<group>"; };
		27EB2DE42478CF460093362C /* rainbowlake.jpg */ = {isa = PBXFileReference; lastKnownFileType = image.jpeg; path = rainbowlake.jpg; sourceTree = "<group>"; };
		27EDAED72531FA3400059EE8 /* PicnicMap.swift */ = {isa = PBXFileReference; lastKnownFileType = sourcecode.swift; path = PicnicMap.swift; sourceTree = "<group>"; };
		27EDAEDA253238AE00059EE8 /* FilterController.swift */ = {isa = PBXFileReference; lastKnownFileType = sourcecode.swift; path = FilterController.swift; sourceTree = "<group>"; };
		27EDAEDD2532390800059EE8 /* PicnicTag.swift */ = {isa = PBXFileReference; lastKnownFileType = sourcecode.swift; path = PicnicTag.swift; sourceTree = "<group>"; };
		27EDAEE22533D3EA00059EE8 /* ReviewCell.swift */ = {isa = PBXFileReference; lastKnownFileType = sourcecode.swift; path = ReviewCell.swift; sourceTree = "<group>"; };
		27EDAEE52534E65400059EE8 /* StagedModalController.swift */ = {isa = PBXFileReference; lastKnownFileType = sourcecode.swift; path = StagedModalController.swift; sourceTree = "<group>"; };
		27EDAEE925365FDF00059EE8 /* PaginatedQuery.swift */ = {isa = PBXFileReference; lastKnownFileType = sourcecode.swift; path = PaginatedQuery.swift; sourceTree = "<group>"; };
		3676A212A203C5BA04A5EC7B /* Pods-Picnic.debug.xcconfig */ = {isa = PBXFileReference; includeInIndex = 1; lastKnownFileType = text.xcconfig; name = "Pods-Picnic.debug.xcconfig"; path = "Target Support Files/Pods-Picnic/Pods-Picnic.debug.xcconfig"; sourceTree = "<group>"; };
		84108CE5B3FE1025F8F37940 /* Pods-Picnic.release.xcconfig */ = {isa = PBXFileReference; includeInIndex = 1; lastKnownFileType = text.xcconfig; name = "Pods-Picnic.release.xcconfig"; path = "Target Support Files/Pods-Picnic/Pods-Picnic.release.xcconfig"; sourceTree = "<group>"; };
		EAB3BBD2EC00EE4968820CCE /* Pods_Picnic.framework */ = {isa = PBXFileReference; explicitFileType = wrapper.framework; includeInIndex = 0; path = Pods_Picnic.framework; sourceTree = BUILT_PRODUCTS_DIR; };
/* End PBXFileReference section */

/* Begin PBXFrameworksBuildPhase section */
		274386062478925D0029F00F /* Frameworks */ = {
			isa = PBXFrameworksBuildPhase;
			buildActionMask = 2147483647;
			files = (
				D8AC8EDBC77112F7C59EDAE7 /* Pods_Picnic.framework in Frameworks */,
			);
			runOnlyForDeploymentPostprocessing = 0;
		};
/* End PBXFrameworksBuildPhase section */

/* Begin PBXGroup section */
		2723A5282527A194008150DC /* Managers */ = {
			isa = PBXGroup;
			children = (
				2723A5542527A42C008150DC /* AuthManager.swift */,
				2752092624CF494B002E8761 /* LocationManager.swift */,
				2723A5582527A461008150DC /* Managers.swift */,
				2723A55C2527A484008150DC /* DatabaseManager.swift */,
				27EDAEE925365FDF00059EE8 /* PaginatedQuery.swift */,
				27DC3AD9253F3DEE00F628B9 /* PicnicQuery.swift */,
			);
			path = Managers;
			sourceTree = "<group>";
		};
		2725763524D1F484008916B7 /* Auth */ = {
			isa = PBXGroup;
			children = (
				2725763624D1F492008916B7 /* AuthPicker.swift */,
				279A268B24D34BFB00D71FD1 /* SignInButton.swift */,
				279A268F24D35C6B00D71FD1 /* ButtonView.swift */,
			);
			path = Auth;
			sourceTree = "<group>";
		};
		27407AD524C4BF0D00AE7AAF /* New Picnic */ = {
			isa = PBXGroup;
			children = (
				2756C28A247F2BCA0070D61A /* NewPicnicController.swift */,
				279A26A824DB21F300D71FD1 /* ShortPresentationController.swift */,
				27DC3AB7253B3A7300F628B9 /* NewPicnicModal.swift */,
				27DC3ABC253B3C8E00F628B9 /* PicnicNameStage.swift */,
				27DC3ADC253F7CE700F628B9 /* PicnicTagStage.swift */,
			);
			name = "New Picnic";
			path = "Picnic/New Picnic";
			sourceTree = SOURCE_ROOT;
		};
		274386002478925D0029F00F = {
			isa = PBXGroup;
			children = (
				2743860B2478925D0029F00F /* Picnic */,
				2743860A2478925D0029F00F /* Products */,
				BAABF75F3130AE23F806F236 /* Pods */,
				B9EDBCD3E49694623DB58C23 /* Frameworks */,
			);
			sourceTree = "<group>";
		};
		2743860A2478925D0029F00F /* Products */ = {
			isa = PBXGroup;
			children = (
				274386092478925D0029F00F /* Picnic.app */,
			);
			name = Products;
			sourceTree = "<group>";
		};
		2743860B2478925D0029F00F /* Picnic */ = {
			isa = PBXGroup;
			children = (
				2723A5282527A194008150DC /* Managers */,
				279DEB7424E093C9003035AC /* Search */,
				279A269924D4BE3300D71FD1 /* Profile */,
				279A268424D25B8200D71FD1 /* Settings */,
				2725763524D1F484008916B7 /* Auth */,
				274B052B24C3FB6A00747D25 /* Detail View */,
				274B052424C39EA100747D25 /* Misc */,
				275AD145248180BD00EE3DBA /* Map */,
				2756C286247D83EA0070D61A /* Image Picker */,
				27B072ED247CCC70009974BD /* Tab Controller */,
				27EB2DC42478CBF50093362C /* Models */,
				2756C289247D94F30070D61A /* App */,
				27407AD524C4BF0D00AE7AAF /* New Picnic */,
				27EB2DC12478CA330093362C /* Featured */,
				274386152478925F0029F00F /* Assets.xcassets */,
				2743861A2478925F0029F00F /* LaunchScreen.storyboard */,
				2743861D2478925F0029F00F /* Info.plist */,
				274386102478925D0029F00F /* Picnic.xcdatamodeld */,
				27B072E5247C4724009974BD /* GoogleService-Info.plist */,
				27EB2DD62478CF460093362C /* Resources */,
				274386172478925F0029F00F /* Preview Content */,
			);
			path = Picnic;
			sourceTree = "<group>";
		};
		274386172478925F0029F00F /* Preview Content */ = {
			isa = PBXGroup;
			children = (
				274386182478925F0029F00F /* Preview Assets.xcassets */,
			);
			path = "Preview Content";
			sourceTree = "<group>";
		};
		274B052424C39EA100747D25 /* Misc */ = {
			isa = PBXGroup;
			children = (
				27BFC411248317C300A3C968 /* Extensions.swift */,
				274B052524C39ECC00747D25 /* ZoomableImage.swift */,
				2752092224C4EF12002E8761 /* SpinnerWheel.swift */,
				2725763324D0F1EB008916B7 /* Region.swift */,
				279A268924D34AED00D71FD1 /* Colors.swift */,
				279A269524D4ADF000D71FD1 /* HeartButton.swift */,
				279A269E24D73E4700D71FD1 /* MultipleSelectionIcon.swift */,
				279DEB6A24DB3B33003035AC /* SwipeView.swift */,
				279DEB7024DCA4C4003035AC /* PaddedTextField.swift */,
				279F160725007C4F00BA6B0F /* PaddedTextView.swift */,
				27EDAEE52534E65400059EE8 /* StagedModalController.swift */,
				27DC3AB4253928B200F628B9 /* Rating.swift */,
				27DC3ACE253CE0A600F628B9 /* StarImage.swift */,
				27DC3AE0253FA5BB00F628B9 /* TagView.swift */,
			);
			path = Misc;
			sourceTree = "<group>";
		};
		274B052B24C3FB6A00747D25 /* Detail View */ = {
			isa = PBXGroup;
			children = (
				274B052C24C3FB9100747D25 /* DetailController.swift */,
				279A269C24D6182700D71FD1 /* NavigationBar.swift */,
				2753CD3D252F6F8A00C4BFF5 /* Reviews.swift */,
				27EDAEE22533D3EA00059EE8 /* ReviewCell.swift */,
				27DC3AA72538E43A00F628B9 /* ImagePickerStage.swift */,
				27DC3AAA2538E5A900F628B9 /* ContentStage.swift */,
				27DC3AAD2538E6F800F628B9 /* RatingStage.swift */,
				27DC3AB02538E80200F628B9 /* ReviewCreationController.swift */,
				27DC3AC7253B5EAC00F628B9 /* DetailView.swift */,
			);
			path = "Detail View";
			sourceTree = "<group>";
		};
		2756C286247D83EA0070D61A /* Image Picker */ = {
			isa = PBXGroup;
			children = (
				274B051E24AD308900747D25 /* ImagePicker.swift */,
				274B052024BF928100747D25 /* ImageCell.swift */,
				27407AD324C4004F00AE7AAF /* FloatingMenu.swift */,
			);
			path = "Image Picker";
			sourceTree = "<group>";
		};
		2756C289247D94F30070D61A /* App */ = {
			isa = PBXGroup;
			children = (
				2743860C2478925D0029F00F /* AppDelegate.swift */,
				2743860E2478925D0029F00F /* SceneDelegate.swift */,
			);
			path = App;
			sourceTree = "<group>";
		};
		275AD145248180BD00EE3DBA /* Map */ = {
			isa = PBXGroup;
			children = (
				275AD146248180F100EE3DBA /* LocationSelector.swift */,
				27BFC413248318E200A3C968 /* MapIcon.swift */,
				2716B5AF249186E80092A622 /* PlaceAnnotation.swift */,
				27DDBA3425040BE20061B4BC /* Cluster.swift */,
				27AF147D2544924F002A975D /* MapViewController.swift */,
			);
			path = Map;
			sourceTree = "<group>";
		};
		279A268424D25B8200D71FD1 /* Settings */ = {
			isa = PBXGroup;
			children = (
				279A268524D25BA700D71FD1 /* SettingsController.swift */,
			);
			path = Settings;
			sourceTree = "<group>";
		};
		279A269924D4BE3300D71FD1 /* Profile */ = {
			isa = PBXGroup;
			children = (
				279A269724D4BE2700D71FD1 /* Profile.swift */,
				27DC3AE3254096C600F628B9 /* ProfileView.swift */,
			);
			path = Profile;
			sourceTree = "<group>";
		};
		279DEB7424E093C9003035AC /* Search */ = {
			isa = PBXGroup;
			children = (
				279DEB7524E09405003035AC /* SearchController.swift */,
			);
			path = Search;
			sourceTree = "<group>";
		};
		27B072ED247CCC70009974BD /* Tab Controller */ = {
			isa = PBXGroup;
			children = (
				27B072EE247CCC94009974BD /* TabController.swift */,
			);
			path = "Tab Controller";
			sourceTree = "<group>";
		};
		27EB2DC12478CA330093362C /* Featured */ = {
			isa = PBXGroup;
			children = (
				27EB2DC22478CA4E0093362C /* FeaturedCell.swift */,
				27B072E7247CC66B009974BD /* Featured.swift */,
				27B072E9247CC7BB009974BD /* CustomFlowLayout.swift */,
				275AD1482481BCAB00EE3DBA /* LocationPopover.swift */,
				275AD14A2482CAE300EE3DBA /* LocationLabel.swift */,
				27EDAED72531FA3400059EE8 /* PicnicMap.swift */,
				27EDAEDA253238AE00059EE8 /* FilterController.swift */,
			);
			path = Featured;
			sourceTree = "<group>";
		};
		27EB2DC42478CBF50093362C /* Models */ = {
			isa = PBXGroup;
			children = (
				27EB2DC52478CC1D0093362C /* Picnic.swift */,
				27EB2DD42478CE730093362C /* LoadData.swift */,
				2723A5642529368B008150DC /* User.swift */,
				27EAB153252F764D006903ED /* Review.swift */,
				27EDAEDD2532390800059EE8 /* PicnicTag.swift */,
				27DC3AD1253D0A8D00F628B9 /* TagContainer.swift */,
			);
			path = Models;
			sourceTree = "<group>";
		};
		27EB2DD62478CF460093362C /* Resources */ = {
			isa = PBXGroup;
			children = (
				27BFC4172486D12700A3C968 /* loading.jpg */,
				27EB2DE02478CF460093362C /* landmarkData.json */,
				27EB2DD72478CF460093362C /* charleyrivers.jpg */,
				27EB2DD82478CF460093362C /* turtlerock.jpg */,
				27EB2DD92478CF460093362C /* silversalmoncreek.jpg */,
				27EB2DDA2478CF460093362C /* sleepyHollow.jpg */,
				27EB2DDB2478CF460093362C /* icybay.jpg */,
				27EB2DDC2478CF460093362C /* lakemcdonald.jpg */,
				27EB2DDD2478CF460093362C /* hiddenlake.jpg */,
				27EB2DDE2478CF460093362C /* twinlake.jpg */,
				27EB2DDF2478CF460093362C /* umbagog.jpg */,
				27EB2DE12478CF460093362C /* chincoteague.jpg */,
				27EB2DE22478CF460093362C /* stmarylake.jpg */,
				27EB2DE32478CF460093362C /* chilkoottrail.jpg */,
				27EB2DE42478CF460093362C /* rainbowlake.jpg */,
			);
			path = Resources;
			sourceTree = "<group>";
		};
		B9EDBCD3E49694623DB58C23 /* Frameworks */ = {
			isa = PBXGroup;
			children = (
				EAB3BBD2EC00EE4968820CCE /* Pods_Picnic.framework */,
			);
			name = Frameworks;
			sourceTree = "<group>";
		};
		BAABF75F3130AE23F806F236 /* Pods */ = {
			isa = PBXGroup;
			children = (
				3676A212A203C5BA04A5EC7B /* Pods-Picnic.debug.xcconfig */,
				84108CE5B3FE1025F8F37940 /* Pods-Picnic.release.xcconfig */,
			);
			path = Pods;
			sourceTree = "<group>";
		};
/* End PBXGroup section */

/* Begin PBXNativeTarget section */
		274386082478925D0029F00F /* Picnic */ = {
			isa = PBXNativeTarget;
			buildConfigurationList = 274386202478925F0029F00F /* Build configuration list for PBXNativeTarget "Picnic" */;
			buildPhases = (
				6792649554DA3E2EB3D584DB /* [CP] Check Pods Manifest.lock */,
				274386052478925D0029F00F /* Sources */,
				274386062478925D0029F00F /* Frameworks */,
				274386072478925D0029F00F /* Resources */,
				C7BBD89EF26609B2D513EEFF /* [CP] Embed Pods Frameworks */,
				6DDE1D7361189CE35E799A4C /* [CP] Copy Pods Resources */,
			);
			buildRules = (
			);
			dependencies = (
			);
			name = Picnic;
			productName = Picnic;
			productReference = 274386092478925D0029F00F /* Picnic.app */;
			productType = "com.apple.product-type.application";
		};
/* End PBXNativeTarget section */

/* Begin PBXProject section */
		274386012478925D0029F00F /* Project object */ = {
			isa = PBXProject;
			attributes = {
				LastSwiftUpdateCheck = 1150;
				LastUpgradeCheck = 1150;
				ORGANIZATIONNAME = "Kyle Burns";
				TargetAttributes = {
					274386082478925D0029F00F = {
						CreatedOnToolsVersion = 11.5;
					};
				};
			};
			buildConfigurationList = 274386042478925D0029F00F /* Build configuration list for PBXProject "Picnic" */;
			compatibilityVersion = "Xcode 9.3";
			developmentRegion = en;
			hasScannedForEncodings = 0;
			knownRegions = (
				en,
				Base,
			);
			mainGroup = 274386002478925D0029F00F;
			productRefGroup = 2743860A2478925D0029F00F /* Products */;
			projectDirPath = "";
			projectRoot = "";
			targets = (
				274386082478925D0029F00F /* Picnic */,
			);
		};
/* End PBXProject section */

/* Begin PBXResourcesBuildPhase section */
		274386072478925D0029F00F /* Resources */ = {
			isa = PBXResourcesBuildPhase;
			buildActionMask = 2147483647;
			files = (
				27EB2DE52478D67A0093362C /* landmarkData.json in Resources */,
				27EB2DE62478D67A0093362C /* charleyrivers.jpg in Resources */,
				27EB2DE72478D67A0093362C /* turtlerock.jpg in Resources */,
				27BFC4182486D12700A3C968 /* loading.jpg in Resources */,
				27EB2DE82478D67A0093362C /* silversalmoncreek.jpg in Resources */,
				27EB2DE92478D67A0093362C /* sleepyHollow.jpg in Resources */,
				27EB2DEA2478D67A0093362C /* icybay.jpg in Resources */,
				27EB2DEB2478D67B0093362C /* lakemcdonald.jpg in Resources */,
				27EB2DEC2478D67B0093362C /* hiddenlake.jpg in Resources */,
				27EB2DED2478D67B0093362C /* twinlake.jpg in Resources */,
				27EB2DEE2478D67B0093362C /* umbagog.jpg in Resources */,
				27EB2DEF2478D67B0093362C /* chincoteague.jpg in Resources */,
				27EB2DF02478D67B0093362C /* stmarylake.jpg in Resources */,
				27EB2DF12478D67B0093362C /* chilkoottrail.jpg in Resources */,
				27EB2DF22478D67B0093362C /* rainbowlake.jpg in Resources */,
				2743861C2478925F0029F00F /* LaunchScreen.storyboard in Resources */,
				27B072E6247C4724009974BD /* GoogleService-Info.plist in Resources */,
				274386192478925F0029F00F /* Preview Assets.xcassets in Resources */,
				274386162478925F0029F00F /* Assets.xcassets in Resources */,
			);
			runOnlyForDeploymentPostprocessing = 0;
		};
/* End PBXResourcesBuildPhase section */

/* Begin PBXShellScriptBuildPhase section */
		6792649554DA3E2EB3D584DB /* [CP] Check Pods Manifest.lock */ = {
			isa = PBXShellScriptBuildPhase;
			buildActionMask = 2147483647;
			files = (
			);
			inputFileListPaths = (
			);
			inputPaths = (
				"${PODS_PODFILE_DIR_PATH}/Podfile.lock",
				"${PODS_ROOT}/Manifest.lock",
			);
			name = "[CP] Check Pods Manifest.lock";
			outputFileListPaths = (
			);
			outputPaths = (
				"$(DERIVED_FILE_DIR)/Pods-Picnic-checkManifestLockResult.txt",
			);
			runOnlyForDeploymentPostprocessing = 0;
			shellPath = /bin/sh;
			shellScript = "diff \"${PODS_PODFILE_DIR_PATH}/Podfile.lock\" \"${PODS_ROOT}/Manifest.lock\" > /dev/null\nif [ $? != 0 ] ; then\n    # print error to STDERR\n    echo \"error: The sandbox is not in sync with the Podfile.lock. Run 'pod install' or update your CocoaPods installation.\" >&2\n    exit 1\nfi\n# This output is used by Xcode 'outputs' to avoid re-running this script phase.\necho \"SUCCESS\" > \"${SCRIPT_OUTPUT_FILE_0}\"\n";
			showEnvVarsInLog = 0;
		};
		6DDE1D7361189CE35E799A4C /* [CP] Copy Pods Resources */ = {
			isa = PBXShellScriptBuildPhase;
			buildActionMask = 2147483647;
			files = (
			);
			inputFileListPaths = (
				"${PODS_ROOT}/Target Support Files/Pods-Picnic/Pods-Picnic-resources-${CONFIGURATION}-input-files.xcfilelist",
			);
			name = "[CP] Copy Pods Resources";
			outputFileListPaths = (
				"${PODS_ROOT}/Target Support Files/Pods-Picnic/Pods-Picnic-resources-${CONFIGURATION}-output-files.xcfilelist",
			);
			runOnlyForDeploymentPostprocessing = 0;
			shellPath = /bin/sh;
			shellScript = "\"${PODS_ROOT}/Target Support Files/Pods-Picnic/Pods-Picnic-resources.sh\"\n";
			showEnvVarsInLog = 0;
		};
		C7BBD89EF26609B2D513EEFF /* [CP] Embed Pods Frameworks */ = {
			isa = PBXShellScriptBuildPhase;
			buildActionMask = 2147483647;
			files = (
			);
			inputFileListPaths = (
				"${PODS_ROOT}/Target Support Files/Pods-Picnic/Pods-Picnic-frameworks-${CONFIGURATION}-input-files.xcfilelist",
			);
			name = "[CP] Embed Pods Frameworks";
			outputFileListPaths = (
				"${PODS_ROOT}/Target Support Files/Pods-Picnic/Pods-Picnic-frameworks-${CONFIGURATION}-output-files.xcfilelist",
			);
			runOnlyForDeploymentPostprocessing = 0;
			shellPath = /bin/sh;
			shellScript = "\"${PODS_ROOT}/Target Support Files/Pods-Picnic/Pods-Picnic-frameworks.sh\"\n";
			showEnvVarsInLog = 0;
		};
/* End PBXShellScriptBuildPhase section */

/* Begin PBXSourcesBuildPhase section */
		274386052478925D0029F00F /* Sources */ = {
			isa = PBXSourcesBuildPhase;
			buildActionMask = 2147483647;
			files = (
				2723A5592527A461008150DC /* Managers.swift in Sources */,
				27DC3AC8253B5EAC00F628B9 /* DetailView.swift in Sources */,
				279A269624D4ADF000D71FD1 /* HeartButton.swift in Sources */,
				27DC3ACF253CE0A600F628B9 /* StarImage.swift in Sources */,
				279A268A24D34AED00D71FD1 /* Colors.swift in Sources */,
				279DEB7624E09405003035AC /* SearchController.swift in Sources */,
				274B052624C39ECC00747D25 /* ZoomableImage.swift in Sources */,
				27EDAEEA25365FDF00059EE8 /* PaginatedQuery.swift in Sources */,
				275AD147248180F100EE3DBA /* LocationSelector.swift in Sources */,
				279A269F24D73E4700D71FD1 /* MultipleSelectionIcon.swift in Sources */,
				274386122478925D0029F00F /* Picnic.xcdatamodeld in Sources */,
				27EDAEDB253238AE00059EE8 /* FilterController.swift in Sources */,
				27EDAEDE2532390800059EE8 /* PicnicTag.swift in Sources */,
				275AD1492481BCAB00EE3DBA /* LocationPopover.swift in Sources */,
				279A26A924DB21F300D71FD1 /* ShortPresentationController.swift in Sources */,
				27EDAEE32533D3EA00059EE8 /* ReviewCell.swift in Sources */,
				274B052D24C3FB9100747D25 /* DetailController.swift in Sources */,
				27DDBA3525040BE20061B4BC /* Cluster.swift in Sources */,
				2725763424D0F1EB008916B7 /* Region.swift in Sources */,
				27EDAED82531FA3400059EE8 /* PicnicMap.swift in Sources */,
				2752092724CF494B002E8761 /* LocationManager.swift in Sources */,
				27DC3ADD253F7CE700F628B9 /* PicnicTagStage.swift in Sources */,
				2723A55D2527A484008150DC /* DatabaseManager.swift in Sources */,
				279DEB6B24DB3B33003035AC /* SwipeView.swift in Sources */,
				27B072EF247CCC94009974BD /* TabController.swift in Sources */,
				27DC3AD2253D0A8D00F628B9 /* TagContainer.swift in Sources */,
				27407AD424C4004F00AE7AAF /* FloatingMenu.swift in Sources */,
				27DC3AE4254096C600F628B9 /* ProfileView.swift in Sources */,
				279DEB7124DCA4C4003035AC /* PaddedTextField.swift in Sources */,
				27DC3AA82538E43A00F628B9 /* ImagePickerStage.swift in Sources */,
				27DC3ABD253B3C8E00F628B9 /* PicnicNameStage.swift in Sources */,
				2752092324C4EF12002E8761 /* SpinnerWheel.swift in Sources */,
				27DC3AE1253FA5BB00F628B9 /* TagView.swift in Sources */,
				279F160825007C4F00BA6B0F /* PaddedTextView.swift in Sources */,
				27DC3AAB2538E5A900F628B9 /* ContentStage.swift in Sources */,
				2753CD3E252F6F8A00C4BFF5 /* Reviews.swift in Sources */,
				2725763724D1F492008916B7 /* AuthPicker.swift in Sources */,
				27DC3AB8253B3A7300F628B9 /* NewPicnicModal.swift in Sources */,
				274B051F24AD308900747D25 /* ImagePicker.swift in Sources */,
				27EB2DD52478CE730093362C /* LoadData.swift in Sources */,
				27B072EA247CC7BB009974BD /* CustomFlowLayout.swift in Sources */,
				2723A5652529368B008150DC /* User.swift in Sources */,
				27DC3ADA253F3DEE00F628B9 /* PicnicQuery.swift in Sources */,
				279A269D24D6182700D71FD1 /* NavigationBar.swift in Sources */,
				279A268624D25BA700D71FD1 /* SettingsController.swift in Sources */,
				2723A5552527A42C008150DC /* AuthManager.swift in Sources */,
				275AD14B2482CAE300EE3DBA /* LocationLabel.swift in Sources */,
				2743860D2478925D0029F00F /* AppDelegate.swift in Sources */,
				2716B5B0249186E80092A622 /* PlaceAnnotation.swift in Sources */,
				27EB2DC62478CC1D0093362C /* Picnic.swift in Sources */,
				27DC3AB12538E80200F628B9 /* ReviewCreationController.swift in Sources */,
				279A269824D4BE2700D71FD1 /* Profile.swift in Sources */,
				2743860F2478925D0029F00F /* SceneDelegate.swift in Sources */,
				2756C28B247F2BCA0070D61A /* NewPicnicController.swift in Sources */,
				279A268C24D34BFB00D71FD1 /* SignInButton.swift in Sources */,
				27AF147E2544924F002A975D /* MapViewController.swift in Sources */,
				27B072E8247CC66B009974BD /* Featured.swift in Sources */,
				27DC3AB5253928B200F628B9 /* Rating.swift in Sources */,
				27EAB154252F764D006903ED /* Review.swift in Sources */,
				27DC3AAE2538E6F800F628B9 /* RatingStage.swift in Sources */,
				274B052124BF928100747D25 /* ImageCell.swift in Sources */,
				279A269024D35C6B00D71FD1 /* ButtonView.swift in Sources */,
				27EDAEE62534E65400059EE8 /* StagedModalController.swift in Sources */,
				27BFC412248317C300A3C968 /* Extensions.swift in Sources */,
				27EB2DC32478CA4E0093362C /* FeaturedCell.swift in Sources */,
				27BFC414248318E200A3C968 /* MapIcon.swift in Sources */,
			);
			runOnlyForDeploymentPostprocessing = 0;
		};
/* End PBXSourcesBuildPhase section */

/* Begin PBXVariantGroup section */
		2743861A2478925F0029F00F /* LaunchScreen.storyboard */ = {
			isa = PBXVariantGroup;
			children = (
				2743861B2478925F0029F00F /* Base */,
			);
			name = LaunchScreen.storyboard;
			sourceTree = "<group>";
		};
/* End PBXVariantGroup section */

/* Begin XCBuildConfiguration section */
		2743861E2478925F0029F00F /* Debug */ = {
			isa = XCBuildConfiguration;
			buildSettings = {
				ALWAYS_SEARCH_USER_PATHS = NO;
				CLANG_ANALYZER_NONNULL = YES;
				CLANG_ANALYZER_NUMBER_OBJECT_CONVERSION = YES_AGGRESSIVE;
				CLANG_CXX_LANGUAGE_STANDARD = "gnu++14";
				CLANG_CXX_LIBRARY = "libc++";
				CLANG_ENABLE_MODULES = YES;
				CLANG_ENABLE_OBJC_ARC = YES;
				CLANG_ENABLE_OBJC_WEAK = YES;
				CLANG_WARN_BLOCK_CAPTURE_AUTORELEASING = YES;
				CLANG_WARN_BOOL_CONVERSION = YES;
				CLANG_WARN_COMMA = YES;
				CLANG_WARN_CONSTANT_CONVERSION = YES;
				CLANG_WARN_DEPRECATED_OBJC_IMPLEMENTATIONS = YES;
				CLANG_WARN_DIRECT_OBJC_ISA_USAGE = YES_ERROR;
				CLANG_WARN_DOCUMENTATION_COMMENTS = YES;
				CLANG_WARN_EMPTY_BODY = YES;
				CLANG_WARN_ENUM_CONVERSION = YES;
				CLANG_WARN_INFINITE_RECURSION = YES;
				CLANG_WARN_INT_CONVERSION = YES;
				CLANG_WARN_NON_LITERAL_NULL_CONVERSION = YES;
				CLANG_WARN_OBJC_IMPLICIT_RETAIN_SELF = YES;
				CLANG_WARN_OBJC_LITERAL_CONVERSION = YES;
				CLANG_WARN_OBJC_ROOT_CLASS = YES_ERROR;
				CLANG_WARN_RANGE_LOOP_ANALYSIS = YES;
				CLANG_WARN_STRICT_PROTOTYPES = YES;
				CLANG_WARN_SUSPICIOUS_MOVE = YES;
				CLANG_WARN_UNGUARDED_AVAILABILITY = YES_AGGRESSIVE;
				CLANG_WARN_UNREACHABLE_CODE = YES;
				CLANG_WARN__DUPLICATE_METHOD_MATCH = YES;
				COPY_PHASE_STRIP = NO;
				DEBUG_INFORMATION_FORMAT = dwarf;
				ENABLE_STRICT_OBJC_MSGSEND = YES;
				ENABLE_TESTABILITY = YES;
				GCC_C_LANGUAGE_STANDARD = gnu11;
				GCC_DYNAMIC_NO_PIC = NO;
				GCC_NO_COMMON_BLOCKS = YES;
				GCC_OPTIMIZATION_LEVEL = 0;
				GCC_PREPROCESSOR_DEFINITIONS = (
					"DEBUG=1",
					"$(inherited)",
				);
				GCC_WARN_64_TO_32_BIT_CONVERSION = YES;
				GCC_WARN_ABOUT_RETURN_TYPE = YES_ERROR;
				GCC_WARN_UNDECLARED_SELECTOR = YES;
				GCC_WARN_UNINITIALIZED_AUTOS = YES_AGGRESSIVE;
				GCC_WARN_UNUSED_FUNCTION = YES;
				GCC_WARN_UNUSED_VARIABLE = YES;
				IPHONEOS_DEPLOYMENT_TARGET = 14.0;
				MTL_ENABLE_DEBUG_INFO = INCLUDE_SOURCE;
				MTL_FAST_MATH = YES;
				ONLY_ACTIVE_ARCH = YES;
				SDKROOT = iphoneos;
				SWIFT_ACTIVE_COMPILATION_CONDITIONS = DEBUG;
				SWIFT_OPTIMIZATION_LEVEL = "-Onone";
			};
			name = Debug;
		};
		2743861F2478925F0029F00F /* Release */ = {
			isa = XCBuildConfiguration;
			buildSettings = {
				ALWAYS_SEARCH_USER_PATHS = NO;
				CLANG_ANALYZER_NONNULL = YES;
				CLANG_ANALYZER_NUMBER_OBJECT_CONVERSION = YES_AGGRESSIVE;
				CLANG_CXX_LANGUAGE_STANDARD = "gnu++14";
				CLANG_CXX_LIBRARY = "libc++";
				CLANG_ENABLE_MODULES = YES;
				CLANG_ENABLE_OBJC_ARC = YES;
				CLANG_ENABLE_OBJC_WEAK = YES;
				CLANG_WARN_BLOCK_CAPTURE_AUTORELEASING = YES;
				CLANG_WARN_BOOL_CONVERSION = YES;
				CLANG_WARN_COMMA = YES;
				CLANG_WARN_CONSTANT_CONVERSION = YES;
				CLANG_WARN_DEPRECATED_OBJC_IMPLEMENTATIONS = YES;
				CLANG_WARN_DIRECT_OBJC_ISA_USAGE = YES_ERROR;
				CLANG_WARN_DOCUMENTATION_COMMENTS = YES;
				CLANG_WARN_EMPTY_BODY = YES;
				CLANG_WARN_ENUM_CONVERSION = YES;
				CLANG_WARN_INFINITE_RECURSION = YES;
				CLANG_WARN_INT_CONVERSION = YES;
				CLANG_WARN_NON_LITERAL_NULL_CONVERSION = YES;
				CLANG_WARN_OBJC_IMPLICIT_RETAIN_SELF = YES;
				CLANG_WARN_OBJC_LITERAL_CONVERSION = YES;
				CLANG_WARN_OBJC_ROOT_CLASS = YES_ERROR;
				CLANG_WARN_RANGE_LOOP_ANALYSIS = YES;
				CLANG_WARN_STRICT_PROTOTYPES = YES;
				CLANG_WARN_SUSPICIOUS_MOVE = YES;
				CLANG_WARN_UNGUARDED_AVAILABILITY = YES_AGGRESSIVE;
				CLANG_WARN_UNREACHABLE_CODE = YES;
				CLANG_WARN__DUPLICATE_METHOD_MATCH = YES;
				COPY_PHASE_STRIP = NO;
				DEBUG_INFORMATION_FORMAT = "dwarf-with-dsym";
				ENABLE_NS_ASSERTIONS = NO;
				ENABLE_STRICT_OBJC_MSGSEND = YES;
				GCC_C_LANGUAGE_STANDARD = gnu11;
				GCC_NO_COMMON_BLOCKS = YES;
				GCC_WARN_64_TO_32_BIT_CONVERSION = YES;
				GCC_WARN_ABOUT_RETURN_TYPE = YES_ERROR;
				GCC_WARN_UNDECLARED_SELECTOR = YES;
				GCC_WARN_UNINITIALIZED_AUTOS = YES_AGGRESSIVE;
				GCC_WARN_UNUSED_FUNCTION = YES;
				GCC_WARN_UNUSED_VARIABLE = YES;
				IPHONEOS_DEPLOYMENT_TARGET = 14.0;
				MTL_ENABLE_DEBUG_INFO = NO;
				MTL_FAST_MATH = YES;
				SDKROOT = iphoneos;
				SWIFT_COMPILATION_MODE = wholemodule;
				SWIFT_OPTIMIZATION_LEVEL = "-O";
				VALIDATE_PRODUCT = YES;
			};
			name = Release;
		};
		274386212478925F0029F00F /* Debug */ = {
			isa = XCBuildConfiguration;
			baseConfigurationReference = 3676A212A203C5BA04A5EC7B /* Pods-Picnic.debug.xcconfig */;
			buildSettings = {
				ASSETCATALOG_COMPILER_APPICON_NAME = AppIcon;
				CODE_SIGN_STYLE = Automatic;
				DEVELOPMENT_ASSET_PATHS = "\"Picnic/Preview Content\"";
				DEVELOPMENT_TEAM = V7TDWR6J46;
				ENABLE_PREVIEWS = YES;
				INFOPLIST_FILE = Picnic/Info.plist;
				LD_RUNPATH_SEARCH_PATHS = (
					"$(inherited)",
					"@executable_path/Frameworks",
				);
				PRODUCT_BUNDLE_IDENTIFIER = kyle.Picnic;
				PRODUCT_NAME = "$(TARGET_NAME)";
				SWIFT_VERSION = 5.0;
				TARGETED_DEVICE_FAMILY = "1,2";
			};
			name = Debug;
		};
		274386222478925F0029F00F /* Release */ = {
			isa = XCBuildConfiguration;
			baseConfigurationReference = 84108CE5B3FE1025F8F37940 /* Pods-Picnic.release.xcconfig */;
			buildSettings = {
				ASSETCATALOG_COMPILER_APPICON_NAME = AppIcon;
				CODE_SIGN_STYLE = Automatic;
				DEVELOPMENT_ASSET_PATHS = "\"Picnic/Preview Content\"";
				DEVELOPMENT_TEAM = V7TDWR6J46;
				ENABLE_PREVIEWS = YES;
				INFOPLIST_FILE = Picnic/Info.plist;
				LD_RUNPATH_SEARCH_PATHS = (
					"$(inherited)",
					"@executable_path/Frameworks",
				);
				PRODUCT_BUNDLE_IDENTIFIER = kyle.Picnic;
				PRODUCT_NAME = "$(TARGET_NAME)";
				SWIFT_VERSION = 5.0;
				TARGETED_DEVICE_FAMILY = "1,2";
			};
			name = Release;
		};
/* End XCBuildConfiguration section */

/* Begin XCConfigurationList section */
		274386042478925D0029F00F /* Build configuration list for PBXProject "Picnic" */ = {
			isa = XCConfigurationList;
			buildConfigurations = (
				2743861E2478925F0029F00F /* Debug */,
				2743861F2478925F0029F00F /* Release */,
			);
			defaultConfigurationIsVisible = 0;
			defaultConfigurationName = Release;
		};
		274386202478925F0029F00F /* Build configuration list for PBXNativeTarget "Picnic" */ = {
			isa = XCConfigurationList;
			buildConfigurations = (
				274386212478925F0029F00F /* Debug */,
				274386222478925F0029F00F /* Release */,
			);
			defaultConfigurationIsVisible = 0;
			defaultConfigurationName = Release;
		};
/* End XCConfigurationList section */

/* Begin XCVersionGroup section */
		274386102478925D0029F00F /* Picnic.xcdatamodeld */ = {
			isa = XCVersionGroup;
			children = (
				274386112478925D0029F00F /* Picnic.xcdatamodel */,
			);
			currentVersion = 274386112478925D0029F00F /* Picnic.xcdatamodel */;
			path = Picnic.xcdatamodeld;
			sourceTree = "<group>";
			versionGroupType = wrapper.xcdatamodel;
		};
/* End XCVersionGroup section */
	};
	rootObject = 274386012478925D0029F00F /* Project object */;
}
