// !$*UTF8*$!
{
	archiveVersion = 1;
	classes = {
	};
	objectVersion = 50;
	objects = {

/* Begin PBXBuildFile section */
		2743860D2478925D0029F00F /* AppDelegate.swift in Sources */ = {isa = PBXBuildFile; fileRef = 2743860C2478925D0029F00F /* AppDelegate.swift */; };
		2743860F2478925D0029F00F /* SceneDelegate.swift in Sources */ = {isa = PBXBuildFile; fileRef = 2743860E2478925D0029F00F /* SceneDelegate.swift */; };
		274386122478925D0029F00F /* Picnic.xcdatamodeld in Sources */ = {isa = PBXBuildFile; fileRef = 274386102478925D0029F00F /* Picnic.xcdatamodeld */; };
		274386142478925D0029F00F /* ContentView.swift in Sources */ = {isa = PBXBuildFile; fileRef = 274386132478925D0029F00F /* ContentView.swift */; };
		274386162478925F0029F00F /* Assets.xcassets in Resources */ = {isa = PBXBuildFile; fileRef = 274386152478925F0029F00F /* Assets.xcassets */; };
		274386192478925F0029F00F /* Preview Assets.xcassets in Resources */ = {isa = PBXBuildFile; fileRef = 274386182478925F0029F00F /* Preview Assets.xcassets */; };
		2743861C2478925F0029F00F /* LaunchScreen.storyboard in Resources */ = {isa = PBXBuildFile; fileRef = 2743861A2478925F0029F00F /* LaunchScreen.storyboard */; };
/* End PBXBuildFile section */

/* Begin PBXFileReference section */
		274386092478925D0029F00F /* Picnic.app */ = {isa = PBXFileReference; explicitFileType = wrapper.application; includeInIndex = 0; path = Picnic.app; sourceTree = BUILT_PRODUCTS_DIR; };
		2743860C2478925D0029F00F /* AppDelegate.swift */ = {isa = PBXFileReference; lastKnownFileType = sourcecode.swift; path = AppDelegate.swift; sourceTree = "<group>"; };
		2743860E2478925D0029F00F /* SceneDelegate.swift */ = {isa = PBXFileReference; lastKnownFileType = sourcecode.swift; path = SceneDelegate.swift; sourceTree = "<group>"; };
		274386112478925D0029F00F /* Picnic.xcdatamodel */ = {isa = PBXFileReference; lastKnownFileType = wrapper.xcdatamodel; path = Picnic.xcdatamodel; sourceTree = "<group>"; };
		274386132478925D0029F00F /* ContentView.swift */ = {isa = PBXFileReference; lastKnownFileType = sourcecode.swift; path = ContentView.swift; sourceTree = "<group>"; };
		274386152478925F0029F00F /* Assets.xcassets */ = {isa = PBXFileReference; lastKnownFileType = folder.assetcatalog; path = Assets.xcassets; sourceTree = "<group>"; };
		274386182478925F0029F00F /* Preview Assets.xcassets */ = {isa = PBXFileReference; lastKnownFileType = folder.assetcatalog; path = "Preview Assets.xcassets"; sourceTree = "<group>"; };
		2743861B2478925F0029F00F /* Base */ = {isa = PBXFileReference; lastKnownFileType = file.storyboard; name = Base; path = Base.lproj/LaunchScreen.storyboard; sourceTree = "<group>"; };
		2743861D2478925F0029F00F /* Info.plist */ = {isa = PBXFileReference; lastKnownFileType = text.plist.xml; path = Info.plist; sourceTree = "<group>"; };
/* End PBXFileReference section */

/* Begin PBXFrameworksBuildPhase section */
		274386062478925D0029F00F /* Frameworks */ = {
			isa = PBXFrameworksBuildPhase;
			buildActionMask = 2147483647;
			files = (
			);
			runOnlyForDeploymentPostprocessing = 0;
		};
/* End PBXFrameworksBuildPhase section */

/* Begin PBXGroup section */
		274386002478925D0029F00F = {
			isa = PBXGroup;
			children = (
				2743860B2478925D0029F00F /* Picnic */,
				2743860A2478925D0029F00F /* Products */,
			);
			sourceTree = "<group>";
		};
		2743860A2478925D0029F00F /* Products */ = {
			isa = PBXGroup;
			children = (
				274386092478925D0029F00F /* Picnic.app */,
			);
			name = Products;
			sourceTree = "<group>";
		};
		2743860B2478925D0029F00F /* Picnic */ = {
			isa = PBXGroup;
			children = (
				2743860C2478925D0029F00F /* AppDelegate.swift */,
				2743860E2478925D0029F00F /* SceneDelegate.swift */,
				274386132478925D0029F00F /* ContentView.swift */,
				274386152478925F0029F00F /* Assets.xcassets */,
				2743861A2478925F0029F00F /* LaunchScreen.storyboard */,
				2743861D2478925F0029F00F /* Info.plist */,
				274386102478925D0029F00F /* Picnic.xcdatamodeld */,
				274386172478925F0029F00F /* Preview Content */,
			);
			path = Picnic;
			sourceTree = "<group>";
		};
		274386172478925F0029F00F /* Preview Content */ = {
			isa = PBXGroup;
			children = (
				274386182478925F0029F00F /* Preview Assets.xcassets */,
			);
			path = "Preview Content";
			sourceTree = "<group>";
		};
/* End PBXGroup section */

/* Begin PBXNativeTarget section */
		274386082478925D0029F00F /* Picnic */ = {
			isa = PBXNativeTarget;
			buildConfigurationList = 274386202478925F0029F00F /* Build configuration list for PBXNativeTarget "Picnic" */;
			buildPhases = (
				274386052478925D0029F00F /* Sources */,
				274386062478925D0029F00F /* Frameworks */,
				274386072478925D0029F00F /* Resources */,
			);
			buildRules = (
			);
			dependencies = (
			);
			name = Picnic;
			productName = Picnic;
			productReference = 274386092478925D0029F00F /* Picnic.app */;
			productType = "com.apple.product-type.application";
		};
/* End PBXNativeTarget section */

/* Begin PBXProject section */
		274386012478925D0029F00F /* Project object */ = {
			isa = PBXProject;
			attributes = {
				LastSwiftUpdateCheck = 1150;
				LastUpgradeCheck = 1150;
				ORGANIZATIONNAME = "Kyle Burns";
				TargetAttributes = {
					274386082478925D0029F00F = {
						CreatedOnToolsVersion = 11.5;
					};
				};
			};
			buildConfigurationList = 274386042478925D0029F00F /* Build configuration list for PBXProject "Picnic" */;
			compatibilityVersion = "Xcode 9.3";
			developmentRegion = en;
			hasScannedForEncodings = 0;
			knownRegions = (
				en,
				Base,
			);
			mainGroup = 274386002478925D0029F00F;
			productRefGroup = 2743860A2478925D0029F00F /* Products */;
			projectDirPath = "";
			projectRoot = "";
			targets = (
				274386082478925D0029F00F /* Picnic */,
			);
		};
/* End PBXProject section */

/* Begin PBXResourcesBuildPhase section */
		274386072478925D0029F00F /* Resources */ = {
			isa = PBXResourcesBuildPhase;
			buildActionMask = 2147483647;
			files = (
				2743861C2478925F0029F00F /* LaunchScreen.storyboard in Resources */,
				274386192478925F0029F00F /* Preview Assets.xcassets in Resources */,
				274386162478925F0029F00F /* Assets.xcassets in Resources */,
			);
			runOnlyForDeploymentPostprocessing = 0;
		};
/* End PBXResourcesBuildPhase section */

/* Begin PBXSourcesBuildPhase section */
		274386052478925D0029F00F /* Sources */ = {
			isa = PBXSourcesBuildPhase;
			buildActionMask = 2147483647;
			files = (
				274386122478925D0029F00F /* Picnic.xcdatamodeld in Sources */,
				2743860D2478925D0029F00F /* AppDelegate.swift in Sources */,
				274386142478925D0029F00F /* ContentView.swift in Sources */,
				2743860F2478925D0029F00F /* SceneDelegate.swift in Sources */,
			);
			runOnlyForDeploymentPostprocessing = 0;
		};
/* End PBXSourcesBuildPhase section */

/* Begin PBXVariantGroup section */
		2743861A2478925F0029F00F /* LaunchScreen.storyboard */ = {
			isa = PBXVariantGroup;
			children = (
				2743861B2478925F0029F00F /* Base */,
			);
			name = LaunchScreen.storyboard;
			sourceTree = "<group>";
		};
/* End PBXVariantGroup section */

/* Begin XCBuildConfiguration section */
		2743861E2478925F0029F00F /* Debug */ = {
			isa = XCBuildConfiguration;
			buildSettings = {
				ALWAYS_SEARCH_USER_PATHS = NO;
				CLANG_ANALYZER_NONNULL = YES;
				CLANG_ANALYZER_NUMBER_OBJECT_CONVERSION = YES_AGGRESSIVE;
				CLANG_CXX_LANGUAGE_STANDARD = "gnu++14";
				CLANG_CXX_LIBRARY = "libc++";
				CLANG_ENABLE_MODULES = YES;
				CLANG_ENABLE_OBJC_ARC = YES;
				CLANG_ENABLE_OBJC_WEAK = YES;
				CLANG_WARN_BLOCK_CAPTURE_AUTORELEASING = YES;
				CLANG_WARN_BOOL_CONVERSION = YES;
				CLANG_WARN_COMMA = YES;
				CLANG_WARN_CONSTANT_CONVERSION = YES;
				CLANG_WARN_DEPRECATED_OBJC_IMPLEMENTATIONS = YES;
				CLANG_WARN_DIRECT_OBJC_ISA_USAGE = YES_ERROR;
				CLANG_WARN_DOCUMENTATION_COMMENTS = YES;
				CLANG_WARN_EMPTY_BODY = YES;
				CLANG_WARN_ENUM_CONVERSION = YES;
				CLANG_WARN_INFINITE_RECURSION = YES;
				CLANG_WARN_INT_CONVERSION = YES;
				CLANG_WARN_NON_LITERAL_NULL_CONVERSION = YES;
				CLANG_WARN_OBJC_IMPLICIT_RETAIN_SELF = YES;
				CLANG_WARN_OBJC_LITERAL_CONVERSION = YES;
				CLANG_WARN_OBJC_ROOT_CLASS = YES_ERROR;
				CLANG_WARN_RANGE_LOOP_ANALYSIS = YES;
				CLANG_WARN_STRICT_PROTOTYPES = YES;
				CLANG_WARN_SUSPICIOUS_MOVE = YES;
				CLANG_WARN_UNGUARDED_AVAILABILITY = YES_AGGRESSIVE;
				CLANG_WARN_UNREACHABLE_CODE = YES;
				CLANG_WARN__DUPLICATE_METHOD_MATCH = YES;
				COPY_PHASE_STRIP = NO;
				DEBUG_INFORMATION_FORMAT = dwarf;
				ENABLE_STRICT_OBJC_MSGSEND = YES;
				ENABLE_TESTABILITY = YES;
				GCC_C_LANGUAGE_STANDARD = gnu11;
				GCC_DYNAMIC_NO_PIC = NO;
				GCC_NO_COMMON_BLOCKS = YES;
				GCC_OPTIMIZATION_LEVEL = 0;
				GCC_PREPROCESSOR_DEFINITIONS = (
					"DEBUG=1",
					"$(inherited)",
				);
				GCC_WARN_64_TO_32_BIT_CONVERSION = YES;
				GCC_WARN_ABOUT_RETURN_TYPE = YES_ERROR;
				GCC_WARN_UNDECLARED_SELECTOR = YES;
				GCC_WARN_UNINITIALIZED_AUTOS = YES_AGGRESSIVE;
				GCC_WARN_UNUSED_FUNCTION = YES;
				GCC_WARN_UNUSED_VARIABLE = YES;
				IPHONEOS_DEPLOYMENT_TARGET = 13.5;
				MTL_ENABLE_DEBUG_INFO = INCLUDE_SOURCE;
				MTL_FAST_MATH = YES;
				ONLY_ACTIVE_ARCH = YES;
				SDKROOT = iphoneos;
				SWIFT_ACTIVE_COMPILATION_CONDITIONS = DEBUG;
				SWIFT_OPTIMIZATION_LEVEL = "-Onone";
			};
			name = Debug;
		};
		2743861F2478925F0029F00F /* Release */ = {
			isa = XCBuildConfiguration;
			buildSettings = {
				ALWAYS_SEARCH_USER_PATHS = NO;
				CLANG_ANALYZER_NONNULL = YES;
				CLANG_ANALYZER_NUMBER_OBJECT_CONVERSION = YES_AGGRESSIVE;
				CLANG_CXX_LANGUAGE_STANDARD = "gnu++14";
				CLANG_CXX_LIBRARY = "libc++";
				CLANG_ENABLE_MODULES = YES;
				CLANG_ENABLE_OBJC_ARC = YES;
				CLANG_ENABLE_OBJC_WEAK = YES;
				CLANG_WARN_BLOCK_CAPTURE_AUTORELEASING = YES;
				CLANG_WARN_BOOL_CONVERSION = YES;
				CLANG_WARN_COMMA = YES;
				CLANG_WARN_CONSTANT_CONVERSION = YES;
				CLANG_WARN_DEPRECATED_OBJC_IMPLEMENTATIONS = YES;
				CLANG_WARN_DIRECT_OBJC_ISA_USAGE = YES_ERROR;
				CLANG_WARN_DOCUMENTATION_COMMENTS = YES;
				CLANG_WARN_EMPTY_BODY = YES;
				CLANG_WARN_ENUM_CONVERSION = YES;
				CLANG_WARN_INFINITE_RECURSION = YES;
				CLANG_WARN_INT_CONVERSION = YES;
				CLANG_WARN_NON_LITERAL_NULL_CONVERSION = YES;
				CLANG_WARN_OBJC_IMPLICIT_RETAIN_SELF = YES;
				CLANG_WARN_OBJC_LITERAL_CONVERSION = YES;
				CLANG_WARN_OBJC_ROOT_CLASS = YES_ERROR;
				CLANG_WARN_RANGE_LOOP_ANALYSIS = YES;
				CLANG_WARN_STRICT_PROTOTYPES = YES;
				CLANG_WARN_SUSPICIOUS_MOVE = YES;
				CLANG_WARN_UNGUARDED_AVAILABILITY = YES_AGGRESSIVE;
				CLANG_WARN_UNREACHABLE_CODE = YES;
				CLANG_WARN__DUPLICATE_METHOD_MATCH = YES;
				COPY_PHASE_STRIP = NO;
				DEBUG_INFORMATION_FORMAT = "dwarf-with-dsym";
				ENABLE_NS_ASSERTIONS = NO;
				ENABLE_STRICT_OBJC_MSGSEND = YES;
				GCC_C_LANGUAGE_STANDARD = gnu11;
				GCC_NO_COMMON_BLOCKS = YES;
				GCC_WARN_64_TO_32_BIT_CONVERSION = YES;
				GCC_WARN_ABOUT_RETURN_TYPE = YES_ERROR;
				GCC_WARN_UNDECLARED_SELECTOR = YES;
				GCC_WARN_UNINITIALIZED_AUTOS = YES_AGGRESSIVE;
				GCC_WARN_UNUSED_FUNCTION = YES;
				GCC_WARN_UNUSED_VARIABLE = YES;
				IPHONEOS_DEPLOYMENT_TARGET = 13.5;
				MTL_ENABLE_DEBUG_INFO = NO;
				MTL_FAST_MATH = YES;
				SDKROOT = iphoneos;
				SWIFT_COMPILATION_MODE = wholemodule;
				SWIFT_OPTIMIZATION_LEVEL = "-O";
				VALIDATE_PRODUCT = YES;
			};
			name = Release;
		};
		274386212478925F0029F00F /* Debug */ = {
			isa = XCBuildConfiguration;
			buildSettings = {
				ASSETCATALOG_COMPILER_APPICON_NAME = AppIcon;
				CODE_SIGN_STYLE = Automatic;
				DEVELOPMENT_ASSET_PATHS = "\"Picnic/Preview Content\"";
				DEVELOPMENT_TEAM = V7TDWR6J46;
				ENABLE_PREVIEWS = YES;
				INFOPLIST_FILE = Picnic/Info.plist;
				LD_RUNPATH_SEARCH_PATHS = (
					"$(inherited)",
					"@executable_path/Frameworks",
				);
				PRODUCT_BUNDLE_IDENTIFIER = kyle.Picnic;
				PRODUCT_NAME = "$(TARGET_NAME)";
				SWIFT_VERSION = 5.0;
				TARGETED_DEVICE_FAMILY = "1,2";
			};
			name = Debug;
		};
		274386222478925F0029F00F /* Release */ = {
			isa = XCBuildConfiguration;
			buildSettings = {
				ASSETCATALOG_COMPILER_APPICON_NAME = AppIcon;
				CODE_SIGN_STYLE = Automatic;
				DEVELOPMENT_ASSET_PATHS = "\"Picnic/Preview Content\"";
				DEVELOPMENT_TEAM = V7TDWR6J46;
				ENABLE_PREVIEWS = YES;
				INFOPLIST_FILE = Picnic/Info.plist;
				LD_RUNPATH_SEARCH_PATHS = (
					"$(inherited)",
					"@executable_path/Frameworks",
				);
				PRODUCT_BUNDLE_IDENTIFIER = kyle.Picnic;
				PRODUCT_NAME = "$(TARGET_NAME)";
				SWIFT_VERSION = 5.0;
				TARGETED_DEVICE_FAMILY = "1,2";
			};
			name = Release;
		};
/* End XCBuildConfiguration section */

/* Begin XCConfigurationList section */
		274386042478925D0029F00F /* Build configuration list for PBXProject "Picnic" */ = {
			isa = XCConfigurationList;
			buildConfigurations = (
				2743861E2478925F0029F00F /* Debug */,
				2743861F2478925F0029F00F /* Release */,
			);
			defaultConfigurationIsVisible = 0;
			defaultConfigurationName = Release;
		};
		274386202478925F0029F00F /* Build configuration list for PBXNativeTarget "Picnic" */ = {
			isa = XCConfigurationList;
			buildConfigurations = (
				274386212478925F0029F00F /* Debug */,
				274386222478925F0029F00F /* Release */,
			);
			defaultConfigurationIsVisible = 0;
			defaultConfigurationName = Release;
		};
/* End XCConfigurationList section */

/* Begin XCVersionGroup section */
		274386102478925D0029F00F /* Picnic.xcdatamodeld */ = {
			isa = XCVersionGroup;
			children = (
				274386112478925D0029F00F /* Picnic.xcdatamodel */,
			);
			currentVersion = 274386112478925D0029F00F /* Picnic.xcdatamodel */;
			path = Picnic.xcdatamodeld;
			sourceTree = "<group>";
			versionGroupType = wrapper.xcdatamodel;
		};
/* End XCVersionGroup section */
	};
	rootObject = 274386012478925D0029F00F /* Project object */;
}
